
Microsoft Visual Studio Solution File, Format Version 12.00
# Visual Studio Version 16
VisualStudioVersion = 16.0.30104.148
MinimumVisualStudioVersion = 10.0.40219.1
Project("{FAE04EC0-301F-11D3-BF4B-00C04F79EFBC}") = "SampleApp", "SampleApp.csproj", "{EEA90EEB-9D4E-41BD-A335-2E56A745AF58}"
EndProject
Global
	GlobalSection(SolutionConfigurationPlatforms) = preSolution
		Debug|Any CPU = Debug|Any CPU
		Release|Any CPU = Release|Any CPU
	EndGlobalSection
	GlobalSection(ProjectConfigurationPlatforms) = postSolution
		{EEA90EEB-9D4E-41BD-A335-2E56A745AF58}.Debug|Any CPU.ActiveCfg = Debug|Any CPU
		{EEA90EEB-9D4E-41BD-A335-2E56A745AF58}.Debug|Any CPU.Build.0 = Debug|Any CPU
		{EEA90EEB-9D4E-41BD-A335-2E56A745AF58}.Release|Any CPU.ActiveCfg = Release|Any CPU
		{EEA90EEB-9D4E-41BD-A335-2E56A745AF58}.Release|Any CPU.Build.0 = Release|Any CPU
	EndGlobalSection
	GlobalSection(SolutionProperties) = preSolution
		HideSolutionNode = FALSE
	EndGlobalSection
	GlobalSection(ExtensibilityGlobals) = postSolution
		SolutionGuid = {00E61C00-632F-46F4-9231-7D18F6E3029C}
	EndGlobalSection
EndGlobal
